NeoBundleLock JavaScript-Indent 8e9aa08189d420d9384f38a11ea89a0bff846e6d
NeoBundleLock Lucius 7ed02d3e4a8f2cfeda03ac67cf6879098cbc068a
NeoBundleLock ViewOutput b4171821045b135ea86662ad916fd1b24610ef59
NeoBundleLock Zenburn 33e67af2418e4775c2a7abc6e8fef401e697e1eb
NeoBundleLock caw.vim 9a52df9f8b381276e732cf1394e6bd07fc083a56
NeoBundleLock foldCC 2ca2ae57d6a69bc73fc91864f5a3acf9d81d5798
NeoBundleLock gundo.vim dd5ab1e930deb8c74ea9046654dd0587df0cf459
NeoBundleLock html5.vim ad38231df6845562f569512fd250c5660aadeb64
NeoBundleLock jedi-vim dc23f0b859d3b5c087921b68cf7cd66803ecca83
NeoBundleLock jellybeans.vim f931895c20681684278aef2ffd810730b9c36ec3
NeoBundleLock molokai c67bdfcdb31415aa0ade7f8c003261700a885476
NeoBundleLock mrkn256.vim 038b1839405a32e2547289e9d0cdc666d874a6fb
NeoBundleLock mustang-vim 6533d7d21bf27cae94d9c2caa575f627f003dfd5
NeoBundleLock mysetting.vim dab9cfd0c6cf01b4dac7135acd9e685a9df864ea
NeoBundleLock neobundle.vim 3422a4f70cc6170173afee487621fd5400cd9ca5
NeoBundleLock neocomplete 1977757ec425408d5dc1dfaa9c0ccb67a5c437bb
NeoBundleLock neocomplete-rsense.vim a8b7460a41eb96aa1c9e49b231dd95e216c8dc2d
NeoBundleLock neomru.vim bab3124e3ff52dc70d30fd741ba0b8d718cae4d9
NeoBundleLock neosnippet 6dd4ecf1fcc47edb041ca283f53156fda46f74a3
NeoBundleLock neosnippet-snippets a444952e7bfc1443815dde9ab72a2e2b843e5d20
NeoBundleLock open-browser.vim a1894bcc9af02f34e6669375013b23c5644e30ac
NeoBundleLock tabular 60f25648814f0695eeb6c1040d97adca93c4e0bb
NeoBundleLock unite-colorscheme 3aa33866a183f7659594a3f6b66b2334eaebc6a0
NeoBundleLock unite-ghq 6851fe9f8c71ba9535ffc061535ab87c29552a10
NeoBundleLock unite.vim 422eca71a0c17e543a1aaa6713b903502d7a0354
NeoBundleLock vim-altercmd 69b471b3b215bbebd2580d1663dc811f9a09b25a
NeoBundleLock vim-colors-solarized 528a59f26d12278698bb946f8fb82a63711eec21
NeoBundleLock vim-colors-wombat fb44c8db8563946de191b1856e3cfffe0cdb622d
NeoBundleLock vim-css3-syntax 085e6994ed2c6e045d9d63e6b3dbfcd911f89216
NeoBundleLock vim-distinguished edc2d0cd023b7858b281784e5dedd980ee3a6306
NeoBundleLock vim-easymotion 39abbf30a7bfc16de139b52ce0d7d2a286da52a8
NeoBundleLock vim-endwise 0067ceda37725d01b7bd5bf249d63b1b5d4e2ab4
NeoBundleLock vim-flake8 21bc78d9a3a17653dd5ea1f6a6c92445d23b215b
NeoBundleLock vim-fugitive fd36aa9c61e06d71befdbe8931f97137c489b065
NeoBundleLock vim-helpnew fb3950ae16ce1bc13f4ac0a156db2518a70a522c
NeoBundleLock vim-hybrid cc58baabeabc7b83768e25b852bf89c34756bf90
NeoBundleLock vim-indent-guides 49bde6fa30648345ffabfe55b3a095a293568a2e
NeoBundleLock vim-javascript-syntax e7b2c327d4e7311097e7cd68f0e54f65e3a7be1a
NeoBundleLock vim-markdown e6961592519b5e89307aeae07fa648599aa6a490
NeoBundleLock vim-markdown-quote-syntax e1b6684906570e04a6862d7938c3bd841170f822
NeoBundleLock vim-misc 3e6b8fb6f03f13434543ce1f5d24f6a5d3f34f0b
NeoBundleLock vim-operator-user c3dfd41c1ed516b4b901c97562e644de62c367aa
NeoBundleLock vim-prettyprint 8a2121daeb5d40c128000d381b3dbcda40ba067f
NeoBundleLock vim-pyte a1071f30656b26645b69f59e1e05257829a39620
NeoBundleLock vim-qfreplace 89e64ae24fb4b8e2402ba6d84971c06606f4adf4
NeoBundleLock vim-quickhl 239d9edf6d2d250b4be2511a15fcec077e10314f
NeoBundleLock vim-quickrun da5328d0aec495e4dc25232fd769a8a2e56d8f7d
NeoBundleLock vim-railscasts-theme b09adffc4f23dab82e9005c6f12635210485da8a
NeoBundleLock vim-ref 007b0ac409100cf2b83eb7dace5c8235e3737fef
NeoBundleLock vim-ref-ri e3a2dbb71af73bf15c9c2134cc3630edc60331eb
NeoBundleLock vim-rooter a3b9500ebda69f90d16a567da9a39693919489ea
NeoBundleLock vim-session 9e9a6088f0554f6940c19889d0b2a8f39d13f2bb
NeoBundleLock vim-snippets 4d15c0a30d40e41bb20b705bd7d51cb1cc81ef60
NeoBundleLock vim-surround 2d05440ad23f97a7874ebd9b5de3a0e65d25d85c
NeoBundleLock vim-textobj-multiblock 670a5ba57d73fcd793f480e262617c6eb0103355
NeoBundleLock vim-textobj-multitextobj 4f5d3345571da9736ac7fdbcb7bbfb466c2fbb77
NeoBundleLock vim-textobj-parameter aa9ca0719724b35d740e30bce19977d254a1a323
NeoBundleLock vim-textobj-user a3054162c09bcf732624f43ddacbd85dad09713b
NeoBundleLock vimfiler f2ce7e3e9c6e8db1110d43587b8751861b9b842e
NeoBundleLock vimproc.vim aa075b9b56839e1adb08421d2e9837f90e59acad
NeoBundleLock vimshell a5b3d99ba84e76cf94195c37ab762aef5f7b6e25
NeoBundleLock yankround.vim bced716bb283a328c4dbec056bba36e53b2b404b
